
Microsoft Visual Studio Solution File, Format Version 12.00
# Visual Studio Version 17
VisualStudioVersion = 17.9.34622.214
MinimumVisualStudioVersion = 10.0.40219.1
Project("{FAE04EC0-301F-11D3-BF4B-00C04F79EFBC}") = "Orca", "Orca\Orca.csproj", "{0C13B8A4-6366-43BF-96BB-67B028C3A40D}"
EndProject
Project("{FAE04EC0-301F-11D3-BF4B-00C04F79EFBC}") = "Orca.Tests", "Orca.Tests\Orca.Tests.csproj", "{AC701FA4-4AFD-4939-AE04-92E59BC59779}"
EndProject
Project("{FAE04EC0-301F-11D3-BF4B-00C04F79EFBC}") = "BasicExample", "Samples\BasicExample\BasicExample.csproj", "{041B9EAB-7AAA-4724-8474-56F792738F2B}"
EndProject
Global
	GlobalSection(SolutionConfigurationPlatforms) = preSolution
		Debug|Any CPU = Debug|Any CPU
		Release|Any CPU = Release|Any CPU
	EndGlobalSection
	GlobalSection(ProjectConfigurationPlatforms) = postSolution
		{0C13B8A4-6366-43BF-96BB-67B028C3A40D}.Debug|Any CPU.ActiveCfg = Debug|Any CPU
		{0C13B8A4-6366-43BF-96BB-67B028C3A40D}.Debug|Any CPU.Build.0 = Debug|Any CPU
		{0C13B8A4-6366-43BF-96BB-67B028C3A40D}.Release|Any CPU.ActiveCfg = Release|Any CPU
		{0C13B8A4-6366-43BF-96BB-67B028C3A40D}.Release|Any CPU.Build.0 = Release|Any CPU
		{AC701FA4-4AFD-4939-AE04-92E59BC59779}.Debug|Any CPU.ActiveCfg = Debug|Any CPU
		{AC701FA4-4AFD-4939-AE04-92E59BC59779}.Debug|Any CPU.Build.0 = Debug|Any CPU
		{AC701FA4-4AFD-4939-AE04-92E59BC59779}.Release|Any CPU.ActiveCfg = Release|Any CPU
		{AC701FA4-4AFD-4939-AE04-92E59BC59779}.Release|Any CPU.Build.0 = Release|Any CPU
		{041B9EAB-7AAA-4724-8474-56F792738F2B}.Debug|Any CPU.ActiveCfg = Debug|Any CPU
		{041B9EAB-7AAA-4724-8474-56F792738F2B}.Debug|Any CPU.Build.0 = Debug|Any CPU
		{041B9EAB-7AAA-4724-8474-56F792738F2B}.Release|Any CPU.ActiveCfg = Release|Any CPU
		{041B9EAB-7AAA-4724-8474-56F792738F2B}.Release|Any CPU.Build.0 = Release|Any CPU
	EndGlobalSection
	GlobalSection(SolutionProperties) = preSolution
		HideSolutionNode = FALSE
	EndGlobalSection
	GlobalSection(ExtensibilityGlobals) = postSolution
		SolutionGuid = {F90BAF97-992F-4263-9897-E9051E913A89}
	EndGlobalSection
EndGlobal
